
Microsoft Visual Studio Solution File, Format Version 12.00
# Visual Studio Version 17
VisualStudioVersion = 17.11.35327.3
MinimumVisualStudioVersion = 10.0.40219.1
Project("{9A19103F-16F7-4668-BE54-9A1E7A4F7556}") = "SPRINT4NET", "SPRINT4NET.csproj", "{15BD9B2B-0E92-4A53-9948-0FAEA22FB1D9}"
EndProject
Project("{2150E333-8FDC-42A3-9474-1A3956D46DE8}") = "Application", "Application", "{4464E918-4C33-4AF5-8C01-ACA599A8B685}"
EndProject
Project("{FAE04EC0-301F-11D3-BF4B-00C04F79EFBC}") = "SPRINT4NET.Application", "SPRINT4NET.Application\SPRINT4NET.Application.csproj", "{590E2499-7445-4DA4-9956-795A27FFF8C0}"
EndProject
Project("{2150E333-8FDC-42A3-9474-1A3956D46DE8}") = "Domain", "Domain", "{F3182B95-6121-4826-91E7-8203B7757689}"
EndProject
Project("{FAE04EC0-301F-11D3-BF4B-00C04F79EFBC}") = "SPRINT4NET.Domain", "SPRINT4NET.Domain\SPRINT4NET.Domain.csproj", "{53760F11-A60A-46C3-8DE5-48C92174687F}"
EndProject
Project("{2150E333-8FDC-42A3-9474-1A3956D46DE8}") = "Apresentation", "Apresentation", "{E5F9D316-926D-4DBB-8DEE-E59A4FEFD90B}"
EndProject
Project("{FAE04EC0-301F-11D3-BF4B-00C04F79EFBC}") = "SPRINT4NET.API", "SPRINT4NET.API\SPRINT4NET.API.csproj", "{EAA013A7-2037-4C8D-A7E5-2FE5EB76F0C9}"
EndProject
Global
	GlobalSection(SolutionConfigurationPlatforms) = preSolution
		Debug|Any CPU = Debug|Any CPU
		Release|Any CPU = Release|Any CPU
	EndGlobalSection
	GlobalSection(ProjectConfigurationPlatforms) = postSolution
		{15BD9B2B-0E92-4A53-9948-0FAEA22FB1D9}.Debug|Any CPU.ActiveCfg = Debug|Any CPU
		{15BD9B2B-0E92-4A53-9948-0FAEA22FB1D9}.Debug|Any CPU.Build.0 = Debug|Any CPU
		{15BD9B2B-0E92-4A53-9948-0FAEA22FB1D9}.Release|Any CPU.ActiveCfg = Release|Any CPU
		{15BD9B2B-0E92-4A53-9948-0FAEA22FB1D9}.Release|Any CPU.Build.0 = Release|Any CPU
		{590E2499-7445-4DA4-9956-795A27FFF8C0}.Debug|Any CPU.ActiveCfg = Debug|Any CPU
		{590E2499-7445-4DA4-9956-795A27FFF8C0}.Debug|Any CPU.Build.0 = Debug|Any CPU
		{590E2499-7445-4DA4-9956-795A27FFF8C0}.Release|Any CPU.ActiveCfg = Release|Any CPU
		{590E2499-7445-4DA4-9956-795A27FFF8C0}.Release|Any CPU.Build.0 = Release|Any CPU
		{53760F11-A60A-46C3-8DE5-48C92174687F}.Debug|Any CPU.ActiveCfg = Debug|Any CPU
		{53760F11-A60A-46C3-8DE5-48C92174687F}.Debug|Any CPU.Build.0 = Debug|Any CPU
		{53760F11-A60A-46C3-8DE5-48C92174687F}.Release|Any CPU.ActiveCfg = Release|Any CPU
		{53760F11-A60A-46C3-8DE5-48C92174687F}.Release|Any CPU.Build.0 = Release|Any CPU
		{EAA013A7-2037-4C8D-A7E5-2FE5EB76F0C9}.Debug|Any CPU.ActiveCfg = Debug|Any CPU
		{EAA013A7-2037-4C8D-A7E5-2FE5EB76F0C9}.Debug|Any CPU.Build.0 = Debug|Any CPU
		{EAA013A7-2037-4C8D-A7E5-2FE5EB76F0C9}.Release|Any CPU.ActiveCfg = Release|Any CPU
		{EAA013A7-2037-4C8D-A7E5-2FE5EB76F0C9}.Release|Any CPU.Build.0 = Release|Any CPU
	EndGlobalSection
	GlobalSection(SolutionProperties) = preSolution
		HideSolutionNode = FALSE
	EndGlobalSection
	GlobalSection(NestedProjects) = preSolution
		{590E2499-7445-4DA4-9956-795A27FFF8C0} = {4464E918-4C33-4AF5-8C01-ACA599A8B685}
		{53760F11-A60A-46C3-8DE5-48C92174687F} = {F3182B95-6121-4826-91E7-8203B7757689}
		{EAA013A7-2037-4C8D-A7E5-2FE5EB76F0C9} = {E5F9D316-926D-4DBB-8DEE-E59A4FEFD90B}
	EndGlobalSection
	GlobalSection(ExtensibilityGlobals) = postSolution
		SolutionGuid = {E92EB6C1-E20A-48FA-8265-C9CB8A30F107}
	EndGlobalSection
EndGlobal
